
Microsoft Visual Studio Solution File, Format Version 12.00
# Visual Studio Version 17
VisualStudioVersion = 17.4.33205.214
MinimumVisualStudioVersion = 10.0.40219.1
Project("{9A19103F-16F7-4668-BE54-9A1E7A4F7556}") = "PlantCare", "PlantCare\PlantCare.csproj", "{2DE85FBA-27FD-4246-8285-FA7FFFEBC293}"
EndProject
Project("{FAE04EC0-301F-11D3-BF4B-00C04F79EFBC}") = "PlantCare.Tests", "PlantCare.Tests\PlantCare.Tests.csproj", "{7306A7E2-E2DB-450D-8528-F72F8DA2FBC5}"
EndProject
Global
	GlobalSection(SolutionConfigurationPlatforms) = preSolution
		Debug|Any CPU = Debug|Any CPU
		Release|Any CPU = Release|Any CPU
	EndGlobalSection
	GlobalSection(ProjectConfigurationPlatforms) = postSolution
		{2DE85FBA-27FD-4246-8285-FA7FFFEBC293}.Debug|Any CPU.ActiveCfg = Debug|Any CPU
		{2DE85FBA-27FD-4246-8285-FA7FFFEBC293}.Debug|Any CPU.Build.0 = Debug|Any CPU
		{2DE85FBA-27FD-4246-8285-FA7FFFEBC293}.Release|Any CPU.ActiveCfg = Release|Any CPU
		{2DE85FBA-27FD-4246-8285-FA7FFFEBC293}.Release|Any CPU.Build.0 = Release|Any CPU
		{7306A7E2-E2DB-450D-8528-F72F8DA2FBC5}.Debug|Any CPU.ActiveCfg = Debug|Any CPU
		{7306A7E2-E2DB-450D-8528-F72F8DA2FBC5}.Debug|Any CPU.Build.0 = Debug|Any CPU
		{7306A7E2-E2DB-450D-8528-F72F8DA2FBC5}.Release|Any CPU.ActiveCfg = Release|Any CPU
		{7306A7E2-E2DB-450D-8528-F72F8DA2FBC5}.Release|Any CPU.Build.0 = Release|Any CPU
	EndGlobalSection
	GlobalSection(SolutionProperties) = preSolution
		HideSolutionNode = FALSE
	EndGlobalSection
	GlobalSection(ExtensibilityGlobals) = postSolution
		SolutionGuid = {90F50550-7292-4E42-9B11-CB8148806C01}
	EndGlobalSection
EndGlobal
